// !$*UTF8*$!
{
	archiveVersion = 1;
	classes = {
	};
	objectVersion = 50;
	objects = {

/* Begin PBXBuildFile section */
		3D45DC39230C944C00F60B64 /* AppDelegate.swift in Sources */ = {isa = PBXBuildFile; fileRef = 3D45DC38230C944C00F60B64 /* AppDelegate.swift */; };
		3D45DC3B230C944C00F60B64 /* ViewController.swift in Sources */ = {isa = PBXBuildFile; fileRef = 3D45DC3A230C944C00F60B64 /* ViewController.swift */; };
		3D45DC3E230C944C00F60B64 /* Main.storyboard in Resources */ = {isa = PBXBuildFile; fileRef = 3D45DC3C230C944C00F60B64 /* Main.storyboard */; };
		3D45DC40230C945700F60B64 /* Assets.xcassets in Resources */ = {isa = PBXBuildFile; fileRef = 3D45DC3F230C945700F60B64 /* Assets.xcassets */; };
		3D45DC43230C945700F60B64 /* LaunchScreen.storyboard in Resources */ = {isa = PBXBuildFile; fileRef = 3D45DC41230C945700F60B64 /* LaunchScreen.storyboard */; };
		3D45DC4E230C945700F60B64 /* SecuenciaConejoTests.swift in Sources */ = {isa = PBXBuildFile; fileRef = 3D45DC4D230C945700F60B64 /* SecuenciaConejoTests.swift */; };
		3D45DC59230C945700F60B64 /* SecuenciaConejoUITests.swift in Sources */ = {isa = PBXBuildFile; fileRef = 3D45DC58230C945700F60B64 /* SecuenciaConejoUITests.swift */; };
/* End PBXBuildFile section */

/* Begin PBXContainerItemProxy section */
		3D45DC4A230C945700F60B64 /* PBXContainerItemProxy */ = {
			isa = PBXContainerItemProxy;
			containerPortal = 3D45DC2D230C944C00F60B64 /* Project object */;
			proxyType = 1;
			remoteGlobalIDString = 3D45DC34230C944C00F60B64;
			remoteInfo = SecuenciaConejo;
		};
		3D45DC55230C945700F60B64 /* PBXContainerItemProxy */ = {
			isa = PBXContainerItemProxy;
			containerPortal = 3D45DC2D230C944C00F60B64 /* Project object */;
			proxyType = 1;
			remoteGlobalIDString = 3D45DC34230C944C00F60B64;
			remoteInfo = SecuenciaConejo;
		};
/* End PBXContainerItemProxy section */

/* Begin PBXFileReference section */
		3D45DC35230C944C00F60B64 /* SecuenciaConejo.app */ = {isa = PBXFileReference; explicitFileType = wrapper.application; includeInIndex = 0; path = SecuenciaConejo.app; sourceTree = BUILT_PRODUCTS_DIR; };
		3D45DC38230C944C00F60B64 /* AppDelegate.swift */ = {isa = PBXFileReference; lastKnownFileType = sourcecode.swift; path = AppDelegate.swift; sourceTree = "<group>"; };
		3D45DC3A230C944C00F60B64 /* ViewController.swift */ = {isa = PBXFileReference; lastKnownFileType = sourcecode.swift; path = ViewController.swift; sourceTree = "<group>"; };
		3D45DC3D230C944C00F60B64 /* Base */ = {isa = PBXFileReference; lastKnownFileType = file.storyboard; name = Base; path = Base.lproj/Main.storyboard; sourceTree = "<group>"; };
		3D45DC3F230C945700F60B64 /* Assets.xcassets */ = {isa = PBXFileReference; lastKnownFileType = folder.assetcatalog; path = Assets.xcassets; sourceTree = "<group>"; };
		3D45DC42230C945700F60B64 /* Base */ = {isa = PBXFileReference; lastKnownFileType = file.storyboard; name = Base; path = Base.lproj/LaunchScreen.storyboard; sourceTree = "<group>"; };
		3D45DC44230C945700F60B64 /* Info.plist */ = {isa = PBXFileReference; lastKnownFileType = text.plist.xml; path = Info.plist; sourceTree = "<group>"; };
		3D45DC49230C945700F60B64 /* SecuenciaConejoTests.xctest */ = {isa = PBXFileReference; explicitFileType = wrapper.cfbundle; includeInIndex = 0; path = SecuenciaConejoTests.xctest; sourceTree = BUILT_PRODUCTS_DIR; };
		3D45DC4D230C945700F60B64 /* SecuenciaConejoTests.swift */ = {isa = PBXFileReference; lastKnownFileType = sourcecode.swift; path = SecuenciaConejoTests.swift; sourceTree = "<group>"; };
		3D45DC4F230C945700F60B64 /* Info.plist */ = {isa = PBXFileReference; lastKnownFileType = text.plist.xml; path = Info.plist; sourceTree = "<group>"; };
		3D45DC54230C945700F60B64 /* SecuenciaConejoUITests.xctest */ = {isa = PBXFileReference; explicitFileType = wrapper.cfbundle; includeInIndex = 0; path = SecuenciaConejoUITests.xctest; sourceTree = BUILT_PRODUCTS_DIR; };
		3D45DC58230C945700F60B64 /* SecuenciaConejoUITests.swift */ = {isa = PBXFileReference; lastKnownFileType = sourcecode.swift; path = SecuenciaConejoUITests.swift; sourceTree = "<group>"; };
		3D45DC5A230C945700F60B64 /* Info.plist */ = {isa = PBXFileReference; lastKnownFileType = text.plist.xml; path = Info.plist; sourceTree = "<group>"; };
/* End PBXFileReference section */

/* Begin PBXFrameworksBuildPhase section */
		3D45DC32230C944C00F60B64 /* Frameworks */ = {
			isa = PBXFrameworksBuildPhase;
			buildActionMask = 2147483647;
			files = (
			);
			runOnlyForDeploymentPostprocessing = 0;
		};
		3D45DC46230C945700F60B64 /* Frameworks */ = {
			isa = PBXFrameworksBuildPhase;
			buildActionMask = 2147483647;
			files = (
			);
			runOnlyForDeploymentPostprocessing = 0;
		};
		3D45DC51230C945700F60B64 /* Frameworks */ = {
			isa = PBXFrameworksBuildPhase;
			buildActionMask = 2147483647;
			files = (
			);
			runOnlyForDeploymentPostprocessing = 0;
		};
/* End PBXFrameworksBuildPhase section */

/* Begin PBXGroup section */
		3D45DC2C230C944C00F60B64 = {
			isa = PBXGroup;
			children = (
				3D45DC37230C944C00F60B64 /* SecuenciaConejo */,
				3D45DC4C230C945700F60B64 /* SecuenciaConejoTests */,
				3D45DC57230C945700F60B64 /* SecuenciaConejoUITests */,
				3D45DC36230C944C00F60B64 /* Products */,
			);
			sourceTree = "<group>";
		};
		3D45DC36230C944C00F60B64 /* Products */ = {
			isa = PBXGroup;
			children = (
				3D45DC35230C944C00F60B64 /* SecuenciaConejo.app */,
				3D45DC49230C945700F60B64 /* SecuenciaConejoTests.xctest */,
				3D45DC54230C945700F60B64 /* SecuenciaConejoUITests.xctest */,
			);
			name = Products;
			sourceTree = "<group>";
		};
		3D45DC37230C944C00F60B64 /* SecuenciaConejo */ = {
			isa = PBXGroup;
			children = (
				3D45DC38230C944C00F60B64 /* AppDelegate.swift */,
				3D45DC3A230C944C00F60B64 /* ViewController.swift */,
				3D45DC3C230C944C00F60B64 /* Main.storyboard */,
				3D45DC3F230C945700F60B64 /* Assets.xcassets */,
				3D45DC41230C945700F60B64 /* LaunchScreen.storyboard */,
				3D45DC44230C945700F60B64 /* Info.plist */,
			);
			path = SecuenciaConejo;
			sourceTree = "<group>";
		};
		3D45DC4C230C945700F60B64 /* SecuenciaConejoTests */ = {
			isa = PBXGroup;
			children = (
				3D45DC4D230C945700F60B64 /* SecuenciaConejoTests.swift */,
				3D45DC4F230C945700F60B64 /* Info.plist */,
			);
			path = SecuenciaConejoTests;
			sourceTree = "<group>";
		};
		3D45DC57230C945700F60B64 /* SecuenciaConejoUITests */ = {
			isa = PBXGroup;
			children = (
				3D45DC58230C945700F60B64 /* SecuenciaConejoUITests.swift */,
				3D45DC5A230C945700F60B64 /* Info.plist */,
			);
			path = SecuenciaConejoUITests;
			sourceTree = "<group>";
		};
/* End PBXGroup section */

/* Begin PBXNativeTarget section */
		3D45DC34230C944C00F60B64 /* SecuenciaConejo */ = {
			isa = PBXNativeTarget;
			buildConfigurationList = 3D45DC5D230C945800F60B64 /* Build configuration list for PBXNativeTarget "SecuenciaConejo" */;
			buildPhases = (
				3D45DC31230C944C00F60B64 /* Sources */,
				3D45DC32230C944C00F60B64 /* Frameworks */,
				3D45DC33230C944C00F60B64 /* Resources */,
			);
			buildRules = (
			);
			dependencies = (
			);
			name = SecuenciaConejo;
			productName = SecuenciaConejo;
			productReference = 3D45DC35230C944C00F60B64 /* SecuenciaConejo.app */;
			productType = "com.apple.product-type.application";
		};
		3D45DC48230C945700F60B64 /* SecuenciaConejoTests */ = {
			isa = PBXNativeTarget;
			buildConfigurationList = 3D45DC60230C945800F60B64 /* Build configuration list for PBXNativeTarget "SecuenciaConejoTests" */;
			buildPhases = (
				3D45DC45230C945700F60B64 /* Sources */,
				3D45DC46230C945700F60B64 /* Frameworks */,
				3D45DC47230C945700F60B64 /* Resources */,
			);
			buildRules = (
			);
			dependencies = (
				3D45DC4B230C945700F60B64 /* PBXTargetDependency */,
			);
			name = SecuenciaConejoTests;
			productName = SecuenciaConejoTests;
			productReference = 3D45DC49230C945700F60B64 /* SecuenciaConejoTests.xctest */;
			productType = "com.apple.product-type.bundle.unit-test";
		};
		3D45DC53230C945700F60B64 /* SecuenciaConejoUITests */ = {
			isa = PBXNativeTarget;
			buildConfigurationList = 3D45DC63230C945800F60B64 /* Build configuration list for PBXNativeTarget "SecuenciaConejoUITests" */;
			buildPhases = (
				3D45DC50230C945700F60B64 /* Sources */,
				3D45DC51230C945700F60B64 /* Frameworks */,
				3D45DC52230C945700F60B64 /* Resources */,
			);
			buildRules = (
			);
			dependencies = (
				3D45DC56230C945700F60B64 /* PBXTargetDependency */,
			);
			name = SecuenciaConejoUITests;
			productName = SecuenciaConejoUITests;
			productReference = 3D45DC54230C945700F60B64 /* SecuenciaConejoUITests.xctest */;
			productType = "com.apple.product-type.bundle.ui-testing";
		};
/* End PBXNativeTarget section */

/* Begin PBXProject section */
		3D45DC2D230C944C00F60B64 /* Project object */ = {
			isa = PBXProject;
			attributes = {
				LastSwiftUpdateCheck = 0940;
				LastUpgradeCheck = 0940;
				ORGANIZATIONNAME = Alumno;
				TargetAttributes = {
					3D45DC34230C944C00F60B64 = {
						CreatedOnToolsVersion = 9.4.1;
					};
					3D45DC48230C945700F60B64 = {
						CreatedOnToolsVersion = 9.4.1;
						TestTargetID = 3D45DC34230C944C00F60B64;
					};
					3D45DC53230C945700F60B64 = {
						CreatedOnToolsVersion = 9.4.1;
						TestTargetID = 3D45DC34230C944C00F60B64;
					};
				};
			};
			buildConfigurationList = 3D45DC30230C944C00F60B64 /* Build configuration list for PBXProject "SecuenciaConejo" */;
			compatibilityVersion = "Xcode 9.3";
			developmentRegion = en;
			hasScannedForEncodings = 0;
			knownRegions = (
				en,
				Base,
			);
			mainGroup = 3D45DC2C230C944C00F60B64;
			productRefGroup = 3D45DC36230C944C00F60B64 /* Products */;
			projectDirPath = "";
			projectRoot = "";
			targets = (
				3D45DC34230C944C00F60B64 /* SecuenciaConejo */,
				3D45DC48230C945700F60B64 /* SecuenciaConejoTests */,
				3D45DC53230C945700F60B64 /* SecuenciaConejoUITests */,
			);
		};
/* End PBXProject section */

/* Begin PBXResourcesBuildPhase section */
		3D45DC33230C944C00F60B64 /* Resources */ = {
			isa = PBXResourcesBuildPhase;
			buildActionMask = 2147483647;
			files = (
				3D45DC43230C945700F60B64 /* LaunchScreen.storyboard in Resources */,
				3D45DC40230C945700F60B64 /* Assets.xcassets in Resources */,
				3D45DC3E230C944C00F60B64 /* Main.storyboard in Resources */,
			);
			runOnlyForDeploymentPostprocessing = 0;
		};
		3D45DC47230C945700F60B64 /* Resources */ = {
			isa = PBXResourcesBuildPhase;
			buildActionMask = 2147483647;
			files = (
			);
			runOnlyForDeploymentPostprocessing = 0;
		};
		3D45DC52230C945700F60B64 /* Resources */ = {
			isa = PBXResourcesBuildPhase;
			buildActionMask = 2147483647;
			files = (
			);
			runOnlyForDeploymentPostprocessing = 0;
		};
/* End PBXResourcesBuildPhase section */

/* Begin PBXSourcesBuildPhase section */
		3D45DC31230C944C00F60B64 /* Sources */ = {
			isa = PBXSourcesBuildPhase;
			buildActionMask = 2147483647;
			files = (
				3D45DC3B230C944C00F60B64 /* ViewController.swift in Sources */,
				3D45DC39230C944C00F60B64 /* AppDelegate.swift in Sources */,
			);
			runOnlyForDeploymentPostprocessing = 0;
		};
		3D45DC45230C945700F60B64 /* Sources */ = {
			isa = PBXSourcesBuildPhase;
			buildActionMask = 2147483647;
			files = (
				3D45DC4E230C945700F60B64 /* SecuenciaConejoTests.swift in Sources */,
			);
			runOnlyForDeploymentPostprocessing = 0;
		};
		3D45DC50230C945700F60B64 /* Sources */ = {
			isa = PBXSourcesBuildPhase;
			buildActionMask = 2147483647;
			files = (
				3D45DC59230C945700F60B64 /* SecuenciaConejoUITests.swift in Sources */,
			);
			runOnlyForDeploymentPostprocessing = 0;
		};
/* End PBXSourcesBuildPhase section */

/* Begin PBXTargetDependency section */
		3D45DC4B230C945700F60B64 /* PBXTargetDependency */ = {
			isa = PBXTargetDependency;
			target = 3D45DC34230C944C00F60B64 /* SecuenciaConejo */;
			targetProxy = 3D45DC4A230C945700F60B64 /* PBXContainerItemProxy */;
		};
		3D45DC56230C945700F60B64 /* PBXTargetDependency */ = {
			isa = PBXTargetDependency;
			target = 3D45DC34230C944C00F60B64 /* SecuenciaConejo */;
			targetProxy = 3D45DC55230C945700F60B64 /* PBXContainerItemProxy */;
		};
/* End PBXTargetDependency section */

/* Begin PBXVariantGroup section */
		3D45DC3C230C944C00F60B64 /* Main.storyboard */ = {
			isa = PBXVariantGroup;
			children = (
				3D45DC3D230C944C00F60B64 /* Base */,
			);
			name = Main.storyboard;
			sourceTree = "<group>";
		};
		3D45DC41230C945700F60B64 /* LaunchScreen.storyboard */ = {
			isa = PBXVariantGroup;
			children = (
				3D45DC42230C945700F60B64 /* Base */,
			);
			name = LaunchScreen.storyboard;
			sourceTree = "<group>";
		};
/* End PBXVariantGroup section */

/* Begin XCBuildConfiguration section */
		3D45DC5B230C945700F60B64 /* Debug */ = {
			isa = XCBuildConfiguration;
			buildSettings = {
				ALWAYS_SEARCH_USER_PATHS = NO;
				CLANG_ANALYZER_NONNULL = YES;
				CLANG_ANALYZER_NUMBER_OBJECT_CONVERSION = YES_AGGRESSIVE;
				CLANG_CXX_LANGUAGE_STANDARD = "gnu++14";
				CLANG_CXX_LIBRARY = "libc++";
				CLANG_ENABLE_MODULES = YES;
				CLANG_ENABLE_OBJC_ARC = YES;
				CLANG_ENABLE_OBJC_WEAK = YES;
				CLANG_WARN_BLOCK_CAPTURE_AUTORELEASING = YES;
				CLANG_WARN_BOOL_CONVERSION = YES;
				CLANG_WARN_COMMA = YES;
				CLANG_WARN_CONSTANT_CONVERSION = YES;
				CLANG_WARN_DEPRECATED_OBJC_IMPLEMENTATIONS = YES;
				CLANG_WARN_DIRECT_OBJC_ISA_USAGE = YES_ERROR;
				CLANG_WARN_DOCUMENTATION_COMMENTS = YES;
				CLANG_WARN_EMPTY_BODY = YES;
				CLANG_WARN_ENUM_CONVERSION = YES;
				CLANG_WARN_INFINITE_RECURSION = YES;
				CLANG_WARN_INT_CONVERSION = YES;
				CLANG_WARN_NON_LITERAL_NULL_CONVERSION = YES;
				CLANG_WARN_OBJC_IMPLICIT_RETAIN_SELF = YES;
				CLANG_WARN_OBJC_LITERAL_CONVERSION = YES;
				CLANG_WARN_OBJC_ROOT_CLASS = YES_ERROR;
				CLANG_WARN_RANGE_LOOP_ANALYSIS = YES;
				CLANG_WARN_STRICT_PROTOTYPES = YES;
				CLANG_WARN_SUSPICIOUS_MOVE = YES;
				CLANG_WARN_UNGUARDED_AVAILABILITY = YES_AGGRESSIVE;
				CLANG_WARN_UNREACHABLE_CODE = YES;
				CLANG_WARN__DUPLICATE_METHOD_MATCH = YES;
				CODE_SIGN_IDENTITY = "iPhone Developer";
				COPY_PHASE_STRIP = NO;
				DEBUG_INFORMATION_FORMAT = dwarf;
				ENABLE_STRICT_OBJC_MSGSEND = YES;
				ENABLE_TESTABILITY = YES;
				GCC_C_LANGUAGE_STANDARD = gnu11;
				GCC_DYNAMIC_NO_PIC = NO;
				GCC_NO_COMMON_BLOCKS = YES;
				GCC_OPTIMIZATION_LEVEL = 0;
				GCC_PREPROCESSOR_DEFINITIONS = (
					"DEBUG=1",
					"$(inherited)",
				);
				GCC_WARN_64_TO_32_BIT_CONVERSION = YES;
				GCC_WARN_ABOUT_RETURN_TYPE = YES_ERROR;
				GCC_WARN_UNDECLARED_SELECTOR = YES;
				GCC_WARN_UNINITIALIZED_AUTOS = YES_AGGRESSIVE;
				GCC_WARN_UNUSED_FUNCTION = YES;
				GCC_WARN_UNUSED_VARIABLE = YES;
				IPHONEOS_DEPLOYMENT_TARGET = 11.4;
				MTL_ENABLE_DEBUG_INFO = YES;
				ONLY_ACTIVE_ARCH = YES;
				SDKROOT = iphoneos;
				SWIFT_ACTIVE_COMPILATION_CONDITIONS = DEBUG;
				SWIFT_OPTIMIZATION_LEVEL = "-Onone";
			};
			name = Debug;
		};
		3D45DC5C230C945700F60B64 /* Release */ = {
			isa = XCBuildConfiguration;
			buildSettings = {
				ALWAYS_SEARCH_USER_PATHS = NO;
				CLANG_ANALYZER_NONNULL = YES;
				CLANG_ANALYZER_NUMBER_OBJECT_CONVERSION = YES_AGGRESSIVE;
				CLANG_CXX_LANGUAGE_STANDARD = "gnu++14";
				CLANG_CXX_LIBRARY = "libc++";
				CLANG_ENABLE_MODULES = YES;
				CLANG_ENABLE_OBJC_ARC = YES;
				CLANG_ENABLE_OBJC_WEAK = YES;
				CLANG_WARN_BLOCK_CAPTURE_AUTORELEASING = YES;
				CLANG_WARN_BOOL_CONVERSION = YES;
				CLANG_WARN_COMMA = YES;
				CLANG_WARN_CONSTANT_CONVERSION = YES;
				CLANG_WARN_DEPRECATED_OBJC_IMPLEMENTATIONS = YES;
				CLANG_WARN_DIRECT_OBJC_ISA_USAGE = YES_ERROR;
				CLANG_WARN_DOCUMENTATION_COMMENTS = YES;
				CLANG_WARN_EMPTY_BODY = YES;
				CLANG_WARN_ENUM_CONVERSION = YES;
				CLANG_WARN_INFINITE_RECURSION = YES;
				CLANG_WARN_INT_CONVERSION = YES;
				CLANG_WARN_NON_LITERAL_NULL_CONVERSION = YES;
				CLANG_WARN_OBJC_IMPLICIT_RETAIN_SELF = YES;
				CLANG_WARN_OBJC_LITERAL_CONVERSION = YES;
				CLANG_WARN_OBJC_ROOT_CLASS = YES_ERROR;
				CLANG_WARN_RANGE_LOOP_ANALYSIS = YES;
				CLANG_WARN_STRICT_PROTOTYPES = YES;
				CLANG_WARN_SUSPICIOUS_MOVE = YES;
				CLANG_WARN_UNGUARDED_AVAILABILITY = YES_AGGRESSIVE;
				CLANG_WARN_UNREACHABLE_CODE = YES;
				CLANG_WARN__DUPLICATE_METHOD_MATCH = YES;
				CODE_SIGN_IDENTITY = "iPhone Developer";
				COPY_PHASE_STRIP = NO;
				DEBUG_INFORMATION_FORMAT = "dwarf-with-dsym";
				ENABLE_NS_ASSERTIONS = NO;
				ENABLE_STRICT_OBJC_MSGSEND = YES;
				GCC_C_LANGUAGE_STANDARD = gnu11;
				GCC_NO_COMMON_BLOCKS = YES;
				GCC_WARN_64_TO_32_BIT_CONVERSION = YES;
				GCC_WARN_ABOUT_RETURN_TYPE = YES_ERROR;
				GCC_WARN_UNDECLARED_SELECTOR = YES;
				GCC_WARN_UNINITIALIZED_AUTOS = YES_AGGRESSIVE;
				GCC_WARN_UNUSED_FUNCTION = YES;
				GCC_WARN_UNUSED_VARIABLE = YES;
				IPHONEOS_DEPLOYMENT_TARGET = 11.4;
				MTL_ENABLE_DEBUG_INFO = NO;
				SDKROOT = iphoneos;
				SWIFT_COMPILATION_MODE = wholemodule;
				SWIFT_OPTIMIZATION_LEVEL = "-O";
				VALIDATE_PRODUCT = YES;
			};
			name = Release;
		};
		3D45DC5E230C945800F60B64 /* Debug */ = {
			isa = XCBuildConfiguration;
			buildSettings = {
				ASSETCATALOG_COMPILER_APPICON_NAME = AppIcon;
				CODE_SIGN_STYLE = Automatic;
				INFOPLIST_FILE = SecuenciaConejo/Info.plist;
				LD_RUNPATH_SEARCH_PATHS = (
					"$(inherited)",
					"@executable_path/Frameworks",
				);
				PRODUCT_BUNDLE_IDENTIFIER = edu.ulsa.SecuenciaConejo;
				PRODUCT_NAME = "$(TARGET_NAME)";
				SWIFT_VERSION = 4.0;
				TARGETED_DEVICE_FAMILY = "1,2";
			};
			name = Debug;
		};
		3D45DC5F230C945800F60B64 /* Release */ = {
			isa = XCBuildConfiguration;
			buildSettings = {
				ASSETCATALOG_COMPILER_APPICON_NAME = AppIcon;
				CODE_SIGN_STYLE = Automatic;
				INFOPLIST_FILE = SecuenciaConejo/Info.plist;
				LD_RUNPATH_SEARCH_PATHS = (
					"$(inherited)",
					"@executable_path/Frameworks",
				);
				PRODUCT_BUNDLE_IDENTIFIER = edu.ulsa.SecuenciaConejo;
				PRODUCT_NAME = "$(TARGET_NAME)";
				SWIFT_VERSION = 4.0;
				TARGETED_DEVICE_FAMILY = "1,2";
			};
			name = Release;
		};
		3D45DC61230C945800F60B64 /* Debug */ = {
			isa = XCBuildConfiguration;
			buildSettings = {
				ALWAYS_EMBED_SWIFT_STANDARD_LIBRARIES = YES;
				BUNDLE_LOADER = "$(TEST_HOST)";
				CODE_SIGN_STYLE = Automatic;
				INFOPLIST_FILE = SecuenciaConejoTests/Info.plist;
				LD_RUNPATH_SEARCH_PATHS = (
					"$(inherited)",
					"@executable_path/Frameworks",
					"@loader_path/Frameworks",
				);
				PRODUCT_BUNDLE_IDENTIFIER = edu.ulsa.SecuenciaConejoTests;
				PRODUCT_NAME = "$(TARGET_NAME)";
				SWIFT_VERSION = 4.0;
				TARGETED_DEVICE_FAMILY = "1,2";
				TEST_HOST = "$(BUILT_PRODUCTS_DIR)/SecuenciaConejo.app/SecuenciaConejo";
			};
			name = Debug;
		};
		3D45DC62230C945800F60B64 /* Release */ = {
			isa = XCBuildConfiguration;
			buildSettings = {
				ALWAYS_EMBED_SWIFT_STANDARD_LIBRARIES = YES;
				BUNDLE_LOADER = "$(TEST_HOST)";
				CODE_SIGN_STYLE = Automatic;
				INFOPLIST_FILE = SecuenciaConejoTests/Info.plist;
				LD_RUNPATH_SEARCH_PATHS = (
					"$(inherited)",
					"@executable_path/Frameworks",
					"@loader_path/Frameworks",
				);
				PRODUCT_BUNDLE_IDENTIFIER = edu.ulsa.SecuenciaConejoTests;
				PRODUCT_NAME = "$(TARGET_NAME)";
				SWIFT_VERSION = 4.0;
				TARGETED_DEVICE_FAMILY = "1,2";
				TEST_HOST = "$(BUILT_PRODUCTS_DIR)/SecuenciaConejo.app/SecuenciaConejo";
			};
			name = Release;
		};
		3D45DC64230C945800F60B64 /* Debug */ = {
			isa = XCBuildConfiguration;
			buildSettings = {
				ALWAYS_EMBED_SWIFT_STANDARD_LIBRARIES = YES;
				CODE_SIGN_STYLE = Automatic;
				INFOPLIST_FILE = SecuenciaConejoUITests/Info.plist;
				LD_RUNPATH_SEARCH_PATHS = (
					"$(inherited)",
					"@executable_path/Frameworks",
					"@loader_path/Frameworks",
				);
				PRODUCT_BUNDLE_IDENTIFIER = edu.ulsa.SecuenciaConejoUITests;
				PRODUCT_NAME = "$(TARGET_NAME)";
				SWIFT_VERSION = 4.0;
				TARGETED_DEVICE_FAMILY = "1,2";
				TEST_TARGET_NAME = SecuenciaConejo;
			};
			name = Debug;
		};
		3D45DC65230C945800F60B64 /* Release */ = {
			isa = XCBuildConfiguration;
			buildSettings = {
				ALWAYS_EMBED_SWIFT_STANDARD_LIBRARIES = YES;
				CODE_SIGN_STYLE = Automatic;
				INFOPLIST_FILE = SecuenciaConejoUITests/Info.plist;
				LD_RUNPATH_SEARCH_PATHS = (
					"$(inherited)",
					"@executable_path/Frameworks",
					"@loader_path/Frameworks",
				);
				PRODUCT_BUNDLE_IDENTIFIER = edu.ulsa.SecuenciaConejoUITests;
				PRODUCT_NAME = "$(TARGET_NAME)";
				SWIFT_VERSION = 4.0;
				TARGETED_DEVICE_FAMILY = "1,2";
				TEST_TARGET_NAME = SecuenciaConejo;
			};
			name = Release;
		};
/* End XCBuildConfiguration section */

/* Begin XCConfigurationList section */
		3D45DC30230C944C00F60B64 /* Build configuration list for PBXProject "SecuenciaConejo" */ = {
			isa = XCConfigurationList;
			buildConfigurations = (
				3D45DC5B230C945700F60B64 /* Debug */,
				3D45DC5C230C945700F60B64 /* Release */,
			);
			defaultConfigurationIsVisible = 0;
			defaultConfigurationName = Release;
		};
		3D45DC5D230C945800F60B64 /* Build configuration list for PBXNativeTarget "SecuenciaConejo" */ = {
			isa = XCConfigurationList;
			buildConfigurations = (
				3D45DC5E230C945800F60B64 /* Debug */,
				3D45DC5F230C945800F60B64 /* Release */,
			);
			defaultConfigurationIsVisible = 0;
			defaultConfigurationName = Release;
		};
		3D45DC60230C945800F60B64 /* Build configuration list for PBXNativeTarget "SecuenciaConejoTests" */ = {
			isa = XCConfigurationList;
			buildConfigurations = (
				3D45DC61230C945800F60B64 /* Debug */,
				3D45DC62230C945800F60B64 /* Release */,
			);
			defaultConfigurationIsVisible = 0;
			defaultConfigurationName = Release;
		};
		3D45DC63230C945800F60B64 /* Build configuration list for PBXNativeTarget "SecuenciaConejoUITests" */ = {
			isa = XCConfigurationList;
			buildConfigurations = (
				3D45DC64230C945800F60B64 /* Debug */,
				3D45DC65230C945800F60B64 /* Release */,
			);
			defaultConfigurationIsVisible = 0;
			defaultConfigurationName = Release;
		};
/* End XCConfigurationList section */
	};
	rootObject = 3D45DC2D230C944C00F60B64 /* Project object */;
}
